
Microsoft Visual Studio Solution File, Format Version 12.00
# Visual Studio Version 17
VisualStudioVersion = 17.7.34202.233
MinimumVisualStudioVersion = 10.0.40219.1
Project("{FAE04EC0-301F-11D3-BF4B-00C04F79EFBC}") = "4_1", "4_1.csproj", "{9A66668C-BE71-4512-AA12-306056F196BC}"
EndProject
Global
	GlobalSection(SolutionConfigurationPlatforms) = preSolution
		Debug|Any CPU = Debug|Any CPU
		Release|Any CPU = Release|Any CPU
	EndGlobalSection
	GlobalSection(ProjectConfigurationPlatforms) = postSolution
		{9A66668C-BE71-4512-AA12-306056F196BC}.Debug|Any CPU.ActiveCfg = Debug|Any CPU
		{9A66668C-BE71-4512-AA12-306056F196BC}.Debug|Any CPU.Build.0 = Debug|Any CPU
		{9A66668C-BE71-4512-AA12-306056F196BC}.Release|Any CPU.ActiveCfg = Release|Any CPU
		{9A66668C-BE71-4512-AA12-306056F196BC}.Release|Any CPU.Build.0 = Release|Any CPU
	EndGlobalSection
	GlobalSection(SolutionProperties) = preSolution
		HideSolutionNode = FALSE
	EndGlobalSection
	GlobalSection(ExtensibilityGlobals) = postSolution
		SolutionGuid = {54E8CAB9-FF07-4DCC-8197-71C3A15FB74E}
	EndGlobalSection
EndGlobal
